// !$*UTF8*$!
{
	archiveVersion = 1;
	classes = {
	};
	objectVersion = 56;
	objects = {

/* Begin PBXBuildFile section */
		E0960F182C06786B00AB487B /* HikeApp.swift in Sources */ = {isa = PBXBuildFile; fileRef = E0960F172C06786B00AB487B /* HikeApp.swift */; };
		E0960F1A2C06786B00AB487B /* ContentView.swift in Sources */ = {isa = PBXBuildFile; fileRef = E0960F192C06786B00AB487B /* ContentView.swift */; };
		E0960F1C2C06786D00AB487B /* Assets.xcassets in Resources */ = {isa = PBXBuildFile; fileRef = E0960F1B2C06786D00AB487B /* Assets.xcassets */; };
		E0960F1F2C06786D00AB487B /* Preview Assets.xcassets in Resources */ = {isa = PBXBuildFile; fileRef = E0960F1E2C06786D00AB487B /* Preview Assets.xcassets */; };
		E0960F292C0A80AE00AB487B /* CardView.swift in Sources */ = {isa = PBXBuildFile; fileRef = E0960F282C0A80AE00AB487B /* CardView.swift */; };
		E0960F2D2C0A83B600AB487B /* CustomBackgroundView.swift in Sources */ = {isa = PBXBuildFile; fileRef = E0960F2C2C0A83B600AB487B /* CustomBackgroundView.swift */; };
		E0960F302C0AA87600AB487B /* ColorExtension.swift in Sources */ = {isa = PBXBuildFile; fileRef = E0960F2F2C0AA87600AB487B /* ColorExtension.swift */; };
		E0960F322C0D564600AB487B /* CustomButtonView.swift in Sources */ = {isa = PBXBuildFile; fileRef = E0960F312C0D564600AB487B /* CustomButtonView.swift */; };
		E0960F342C0D6B9F00AB487B /* GradientButtonStyle.swift in Sources */ = {isa = PBXBuildFile; fileRef = E0960F332C0D6B9F00AB487B /* GradientButtonStyle.swift */; };
		E0960F362C0FDC0300AB487B /* CustomCircleView.swift in Sources */ = {isa = PBXBuildFile; fileRef = E0960F352C0FDC0200AB487B /* CustomCircleView.swift */; };
		E0960F382C0FDF1700AB487B /* MotionAnimationView.swift in Sources */ = {isa = PBXBuildFile; fileRef = E0960F372C0FDF1700AB487B /* MotionAnimationView.swift */; };
		E0960F3B2C1106C400AB487B /* SettingsView.swift in Sources */ = {isa = PBXBuildFile; fileRef = E0960F3A2C1106C400AB487B /* SettingsView.swift */; };
		E0960F3D2C13E5E400AB487B /* CustomListRow.swift in Sources */ = {isa = PBXBuildFile; fileRef = E0960F3C2C13E5E400AB487B /* CustomListRow.swift */; };
/* End PBXBuildFile section */

/* Begin PBXFileReference section */
		E0960F142C06786B00AB487B /* Hike.app */ = {isa = PBXFileReference; explicitFileType = wrapper.application; includeInIndex = 0; path = Hike.app; sourceTree = BUILT_PRODUCTS_DIR; };
		E0960F172C06786B00AB487B /* HikeApp.swift */ = {isa = PBXFileReference; lastKnownFileType = sourcecode.swift; path = HikeApp.swift; sourceTree = "<group>"; };
		E0960F192C06786B00AB487B /* ContentView.swift */ = {isa = PBXFileReference; lastKnownFileType = sourcecode.swift; path = ContentView.swift; sourceTree = "<group>"; };
		E0960F1B2C06786D00AB487B /* Assets.xcassets */ = {isa = PBXFileReference; lastKnownFileType = folder.assetcatalog; path = Assets.xcassets; sourceTree = "<group>"; };
		E0960F1E2C06786D00AB487B /* Preview Assets.xcassets */ = {isa = PBXFileReference; lastKnownFileType = folder.assetcatalog; path = "Preview Assets.xcassets"; sourceTree = "<group>"; };
		E0960F282C0A80AE00AB487B /* CardView.swift */ = {isa = PBXFileReference; lastKnownFileType = sourcecode.swift; path = CardView.swift; sourceTree = "<group>"; };
		E0960F2C2C0A83B600AB487B /* CustomBackgroundView.swift */ = {isa = PBXFileReference; lastKnownFileType = sourcecode.swift; path = CustomBackgroundView.swift; sourceTree = "<group>"; };
		E0960F2F2C0AA87600AB487B /* ColorExtension.swift */ = {isa = PBXFileReference; lastKnownFileType = sourcecode.swift; path = ColorExtension.swift; sourceTree = "<group>"; };
		E0960F312C0D564600AB487B /* CustomButtonView.swift */ = {isa = PBXFileReference; lastKnownFileType = sourcecode.swift; path = CustomButtonView.swift; sourceTree = "<group>"; };
		E0960F332C0D6B9F00AB487B /* GradientButtonStyle.swift */ = {isa = PBXFileReference; lastKnownFileType = sourcecode.swift; path = GradientButtonStyle.swift; sourceTree = "<group>"; };
		E0960F352C0FDC0200AB487B /* CustomCircleView.swift */ = {isa = PBXFileReference; lastKnownFileType = sourcecode.swift; path = CustomCircleView.swift; sourceTree = "<group>"; };
		E0960F372C0FDF1700AB487B /* MotionAnimationView.swift */ = {isa = PBXFileReference; lastKnownFileType = sourcecode.swift; path = MotionAnimationView.swift; sourceTree = "<group>"; };
		E0960F3A2C1106C400AB487B /* SettingsView.swift */ = {isa = PBXFileReference; lastKnownFileType = sourcecode.swift; path = SettingsView.swift; sourceTree = "<group>"; };
		E0960F3C2C13E5E400AB487B /* CustomListRow.swift */ = {isa = PBXFileReference; lastKnownFileType = sourcecode.swift; path = CustomListRow.swift; sourceTree = "<group>"; };
/* End PBXFileReference section */

/* Begin PBXFrameworksBuildPhase section */
		E0960F112C06786B00AB487B /* Frameworks */ = {
			isa = PBXFrameworksBuildPhase;
			buildActionMask = 2147483647;
			files = (
			);
			runOnlyForDeploymentPostprocessing = 0;
		};
/* End PBXFrameworksBuildPhase section */

/* Begin PBXGroup section */
		E0960F0B2C06786B00AB487B = {
			isa = PBXGroup;
			children = (
				E0960F162C06786B00AB487B /* Hike */,
				E0960F152C06786B00AB487B /* Products */,
			);
			sourceTree = "<group>";
		};
		E0960F152C06786B00AB487B /* Products */ = {
			isa = PBXGroup;
			children = (
				E0960F142C06786B00AB487B /* Hike.app */,
			);
			name = Products;
			sourceTree = "<group>";
		};
		E0960F162C06786B00AB487B /* Hike */ = {
			isa = PBXGroup;
			children = (
				E0960F2E2C0AA85100AB487B /* Utility */,
				E0960F172C06786B00AB487B /* HikeApp.swift */,
				E0960F392C11069700AB487B /* Screen */,
				E0960F1B2C06786D00AB487B /* Assets.xcassets */,
				E0960F2B2C0A835A00AB487B /* Component */,
				E0960F1D2C06786D00AB487B /* Preview Content */,
			);
			path = Hike;
			sourceTree = "<group>";
		};
		E0960F1D2C06786D00AB487B /* Preview Content */ = {
			isa = PBXGroup;
			children = (
				E0960F1E2C06786D00AB487B /* Preview Assets.xcassets */,
			);
			path = "Preview Content";
			sourceTree = "<group>";
		};
		E0960F2B2C0A835A00AB487B /* Component */ = {
			isa = PBXGroup;
			children = (
				E0960F282C0A80AE00AB487B /* CardView.swift */,
				E0960F2C2C0A83B600AB487B /* CustomBackgroundView.swift */,
				E0960F312C0D564600AB487B /* CustomButtonView.swift */,
				E0960F352C0FDC0200AB487B /* CustomCircleView.swift */,
				E0960F372C0FDF1700AB487B /* MotionAnimationView.swift */,
				E0960F3C2C13E5E400AB487B /* CustomListRow.swift */,
			);
			path = Component;
			sourceTree = "<group>";
		};
		E0960F2E2C0AA85100AB487B /* Utility */ = {
			isa = PBXGroup;
			children = (
				E0960F2F2C0AA87600AB487B /* ColorExtension.swift */,
				E0960F332C0D6B9F00AB487B /* GradientButtonStyle.swift */,
			);
			path = Utility;
			sourceTree = "<group>";
		};
		E0960F392C11069700AB487B /* Screen */ = {
			isa = PBXGroup;
			children = (
				E0960F192C06786B00AB487B /* ContentView.swift */,
				E0960F3A2C1106C400AB487B /* SettingsView.swift */,
			);
			path = Screen;
			sourceTree = "<group>";
		};
/* End PBXGroup section */

/* Begin PBXNativeTarget section */
		E0960F132C06786B00AB487B /* Hike */ = {
			isa = PBXNativeTarget;
			buildConfigurationList = E0960F222C06786D00AB487B /* Build configuration list for PBXNativeTarget "Hike" */;
			buildPhases = (
				E0960F102C06786B00AB487B /* Sources */,
				E0960F112C06786B00AB487B /* Frameworks */,
				E0960F122C06786B00AB487B /* Resources */,
			);
			buildRules = (
			);
			dependencies = (
			);
			name = Hike;
			productName = Hike;
			productReference = E0960F142C06786B00AB487B /* Hike.app */;
			productType = "com.apple.product-type.application";
		};
/* End PBXNativeTarget section */

/* Begin PBXProject section */
		E0960F0C2C06786B00AB487B /* Project object */ = {
			isa = PBXProject;
			attributes = {
				BuildIndependentTargetsInParallel = 1;
				LastSwiftUpdateCheck = 1510;
				LastUpgradeCheck = 1510;
				TargetAttributes = {
					E0960F132C06786B00AB487B = {
						CreatedOnToolsVersion = 15.1;
					};
				};
			};
			buildConfigurationList = E0960F0F2C06786B00AB487B /* Build configuration list for PBXProject "Hike" */;
			compatibilityVersion = "Xcode 14.0";
			developmentRegion = en;
			hasScannedForEncodings = 0;
			knownRegions = (
				en,
				Base,
			);
			mainGroup = E0960F0B2C06786B00AB487B;
			productRefGroup = E0960F152C06786B00AB487B /* Products */;
			projectDirPath = "";
			projectRoot = "";
			targets = (
				E0960F132C06786B00AB487B /* Hike */,
			);
		};
/* End PBXProject section */

/* Begin PBXResourcesBuildPhase section */
		E0960F122C06786B00AB487B /* Resources */ = {
			isa = PBXResourcesBuildPhase;
			buildActionMask = 2147483647;
			files = (
				E0960F1F2C06786D00AB487B /* Preview Assets.xcassets in Resources */,
				E0960F1C2C06786D00AB487B /* Assets.xcassets in Resources */,
			);
			runOnlyForDeploymentPostprocessing = 0;
		};
/* End PBXResourcesBuildPhase section */

/* Begin PBXSourcesBuildPhase section */
		E0960F102C06786B00AB487B /* Sources */ = {
			isa = PBXSourcesBuildPhase;
			buildActionMask = 2147483647;
			files = (
				E0960F1A2C06786B00AB487B /* ContentView.swift in Sources */,
				E0960F362C0FDC0300AB487B /* CustomCircleView.swift in Sources */,
				E0960F182C06786B00AB487B /* HikeApp.swift in Sources */,
				E0960F3D2C13E5E400AB487B /* CustomListRow.swift in Sources */,
				E0960F292C0A80AE00AB487B /* CardView.swift in Sources */,
				E0960F322C0D564600AB487B /* CustomButtonView.swift in Sources */,
				E0960F3B2C1106C400AB487B /* SettingsView.swift in Sources */,
				E0960F342C0D6B9F00AB487B /* GradientButtonStyle.swift in Sources */,
				E0960F382C0FDF1700AB487B /* MotionAnimationView.swift in Sources */,
				E0960F2D2C0A83B600AB487B /* CustomBackgroundView.swift in Sources */,
				E0960F302C0AA87600AB487B /* ColorExtension.swift in Sources */,
			);
			runOnlyForDeploymentPostprocessing = 0;
		};
/* End PBXSourcesBuildPhase section */

/* Begin XCBuildConfiguration section */
		E0960F202C06786D00AB487B /* Debug */ = {
			isa = XCBuildConfiguration;
			buildSettings = {
				ALWAYS_SEARCH_USER_PATHS = NO;
				ASSETCATALOG_COMPILER_GENERATE_SWIFT_ASSET_SYMBOL_EXTENSIONS = YES;
				CLANG_ANALYZER_NONNULL = YES;
				CLANG_ANALYZER_NUMBER_OBJECT_CONVERSION = YES_AGGRESSIVE;
				CLANG_CXX_LANGUAGE_STANDARD = "gnu++20";
				CLANG_ENABLE_MODULES = YES;
				CLANG_ENABLE_OBJC_ARC = YES;
				CLANG_ENABLE_OBJC_WEAK = YES;
				CLANG_WARN_BLOCK_CAPTURE_AUTORELEASING = YES;
				CLANG_WARN_BOOL_CONVERSION = YES;
				CLANG_WARN_COMMA = YES;
				CLANG_WARN_CONSTANT_CONVERSION = YES;
				CLANG_WARN_DEPRECATED_OBJC_IMPLEMENTATIONS = YES;
				CLANG_WARN_DIRECT_OBJC_ISA_USAGE = YES_ERROR;
				CLANG_WARN_DOCUMENTATION_COMMENTS = YES;
				CLANG_WARN_EMPTY_BODY = YES;
				CLANG_WARN_ENUM_CONVERSION = YES;
				CLANG_WARN_INFINITE_RECURSION = YES;
				CLANG_WARN_INT_CONVERSION = YES;
				CLANG_WARN_NON_LITERAL_NULL_CONVERSION = YES;
				CLANG_WARN_OBJC_IMPLICIT_RETAIN_SELF = YES;
				CLANG_WARN_OBJC_LITERAL_CONVERSION = YES;
				CLANG_WARN_OBJC_ROOT_CLASS = YES_ERROR;
				CLANG_WARN_QUOTED_INCLUDE_IN_FRAMEWORK_HEADER = YES;
				CLANG_WARN_RANGE_LOOP_ANALYSIS = YES;
				CLANG_WARN_STRICT_PROTOTYPES = YES;
				CLANG_WARN_SUSPICIOUS_MOVE = YES;
				CLANG_WARN_UNGUARDED_AVAILABILITY = YES_AGGRESSIVE;
				CLANG_WARN_UNREACHABLE_CODE = YES;
				CLANG_WARN__DUPLICATE_METHOD_MATCH = YES;
				COPY_PHASE_STRIP = NO;
				DEBUG_INFORMATION_FORMAT = dwarf;
				ENABLE_STRICT_OBJC_MSGSEND = YES;
				ENABLE_TESTABILITY = YES;
				ENABLE_USER_SCRIPT_SANDBOXING = YES;
				GCC_C_LANGUAGE_STANDARD = gnu17;
				GCC_DYNAMIC_NO_PIC = NO;
				GCC_NO_COMMON_BLOCKS = YES;
				GCC_OPTIMIZATION_LEVEL = 0;
				GCC_PREPROCESSOR_DEFINITIONS = (
					"DEBUG=1",
					"$(inherited)",
				);
				GCC_WARN_64_TO_32_BIT_CONVERSION = YES;
				GCC_WARN_ABOUT_RETURN_TYPE = YES_ERROR;
				GCC_WARN_UNDECLARED_SELECTOR = YES;
				GCC_WARN_UNINITIALIZED_AUTOS = YES_AGGRESSIVE;
				GCC_WARN_UNUSED_FUNCTION = YES;
				GCC_WARN_UNUSED_VARIABLE = YES;
				IPHONEOS_DEPLOYMENT_TARGET = 17.2;
				LOCALIZATION_PREFERS_STRING_CATALOGS = YES;
				MTL_ENABLE_DEBUG_INFO = INCLUDE_SOURCE;
				MTL_FAST_MATH = YES;
				ONLY_ACTIVE_ARCH = YES;
				SDKROOT = iphoneos;
				SWIFT_ACTIVE_COMPILATION_CONDITIONS = "DEBUG $(inherited)";
				SWIFT_OPTIMIZATION_LEVEL = "-Onone";
			};
			name = Debug;
		};
		E0960F212C06786D00AB487B /* Release */ = {
			isa = XCBuildConfiguration;
			buildSettings = {
				ALWAYS_SEARCH_USER_PATHS = NO;
				ASSETCATALOG_COMPILER_GENERATE_SWIFT_ASSET_SYMBOL_EXTENSIONS = YES;
				CLANG_ANALYZER_NONNULL = YES;
				CLANG_ANALYZER_NUMBER_OBJECT_CONVERSION = YES_AGGRESSIVE;
				CLANG_CXX_LANGUAGE_STANDARD = "gnu++20";
				CLANG_ENABLE_MODULES = YES;
				CLANG_ENABLE_OBJC_ARC = YES;
				CLANG_ENABLE_OBJC_WEAK = YES;
				CLANG_WARN_BLOCK_CAPTURE_AUTORELEASING = YES;
				CLANG_WARN_BOOL_CONVERSION = YES;
				CLANG_WARN_COMMA = YES;
				CLANG_WARN_CONSTANT_CONVERSION = YES;
				CLANG_WARN_DEPRECATED_OBJC_IMPLEMENTATIONS = YES;
				CLANG_WARN_DIRECT_OBJC_ISA_USAGE = YES_ERROR;
				CLANG_WARN_DOCUMENTATION_COMMENTS = YES;
				CLANG_WARN_EMPTY_BODY = YES;
				CLANG_WARN_ENUM_CONVERSION = YES;
				CLANG_WARN_INFINITE_RECURSION = YES;
				CLANG_WARN_INT_CONVERSION = YES;
				CLANG_WARN_NON_LITERAL_NULL_CONVERSION = YES;
				CLANG_WARN_OBJC_IMPLICIT_RETAIN_SELF = YES;
				CLANG_WARN_OBJC_LITERAL_CONVERSION = YES;
				CLANG_WARN_OBJC_ROOT_CLASS = YES_ERROR;
				CLANG_WARN_QUOTED_INCLUDE_IN_FRAMEWORK_HEADER = YES;
				CLANG_WARN_RANGE_LOOP_ANALYSIS = YES;
				CLANG_WARN_STRICT_PROTOTYPES = YES;
				CLANG_WARN_SUSPICIOUS_MOVE = YES;
				CLANG_WARN_UNGUARDED_AVAILABILITY = YES_AGGRESSIVE;
				CLANG_WARN_UNREACHABLE_CODE = YES;
				CLANG_WARN__DUPLICATE_METHOD_MATCH = YES;
				COPY_PHASE_STRIP = NO;
				DEBUG_INFORMATION_FORMAT = "dwarf-with-dsym";
				ENABLE_NS_ASSERTIONS = NO;
				ENABLE_STRICT_OBJC_MSGSEND = YES;
				ENABLE_USER_SCRIPT_SANDBOXING = YES;
				GCC_C_LANGUAGE_STANDARD = gnu17;
				GCC_NO_COMMON_BLOCKS = YES;
				GCC_WARN_64_TO_32_BIT_CONVERSION = YES;
				GCC_WARN_ABOUT_RETURN_TYPE = YES_ERROR;
				GCC_WARN_UNDECLARED_SELECTOR = YES;
				GCC_WARN_UNINITIALIZED_AUTOS = YES_AGGRESSIVE;
				GCC_WARN_UNUSED_FUNCTION = YES;
				GCC_WARN_UNUSED_VARIABLE = YES;
				IPHONEOS_DEPLOYMENT_TARGET = 17.2;
				LOCALIZATION_PREFERS_STRING_CATALOGS = YES;
				MTL_ENABLE_DEBUG_INFO = NO;
				MTL_FAST_MATH = YES;
				SDKROOT = iphoneos;
				SWIFT_COMPILATION_MODE = wholemodule;
				VALIDATE_PRODUCT = YES;
			};
			name = Release;
		};
		E0960F232C06786D00AB487B /* Debug */ = {
			isa = XCBuildConfiguration;
			buildSettings = {
				ASSETCATALOG_COMPILER_APPICON_NAME = AppIcon;
				ASSETCATALOG_COMPILER_GLOBAL_ACCENT_COLOR_NAME = AccentColor;
				ASSETCATALOG_COMPILER_INCLUDE_ALL_APPICON_ASSETS = YES;
				CODE_SIGN_STYLE = Automatic;
				CURRENT_PROJECT_VERSION = 1;
				DEVELOPMENT_ASSET_PATHS = "\"Hike/Preview Content\"";
				DEVELOPMENT_TEAM = C8778U55LJ;
				ENABLE_PREVIEWS = YES;
				GENERATE_INFOPLIST_FILE = YES;
				INFOPLIST_KEY_UIApplicationSceneManifest_Generation = YES;
				INFOPLIST_KEY_UIApplicationSupportsIndirectInputEvents = YES;
				INFOPLIST_KEY_UILaunchScreen_Generation = YES;
				INFOPLIST_KEY_UISupportedInterfaceOrientations_iPad = "UIInterfaceOrientationPortrait UIInterfaceOrientationPortraitUpsideDown UIInterfaceOrientationLandscapeLeft UIInterfaceOrientationLandscapeRight";
				INFOPLIST_KEY_UISupportedInterfaceOrientations_iPhone = "UIInterfaceOrientationPortrait UIInterfaceOrientationLandscapeLeft UIInterfaceOrientationLandscapeRight";
				LD_RUNPATH_SEARCH_PATHS = (
					"$(inherited)",
					"@executable_path/Frameworks",
				);
				MARKETING_VERSION = 1.0;
				PRODUCT_BUNDLE_IDENTIFIER = Fakiya.Hike;
				PRODUCT_NAME = "$(TARGET_NAME)";
				SWIFT_EMIT_LOC_STRINGS = YES;
				SWIFT_VERSION = 5.0;
				TARGETED_DEVICE_FAMILY = "1,2";
			};
			name = Debug;
		};
		E0960F242C06786D00AB487B /* Release */ = {
			isa = XCBuildConfiguration;
			buildSettings = {
				ASSETCATALOG_COMPILER_APPICON_NAME = AppIcon;
				ASSETCATALOG_COMPILER_GLOBAL_ACCENT_COLOR_NAME = AccentColor;
				ASSETCATALOG_COMPILER_INCLUDE_ALL_APPICON_ASSETS = YES;
				CODE_SIGN_STYLE = Automatic;
				CURRENT_PROJECT_VERSION = 1;
				DEVELOPMENT_ASSET_PATHS = "\"Hike/Preview Content\"";
				DEVELOPMENT_TEAM = C8778U55LJ;
				ENABLE_PREVIEWS = YES;
				GENERATE_INFOPLIST_FILE = YES;
				INFOPLIST_KEY_UIApplicationSceneManifest_Generation = YES;
				INFOPLIST_KEY_UIApplicationSupportsIndirectInputEvents = YES;
				INFOPLIST_KEY_UILaunchScreen_Generation = YES;
				INFOPLIST_KEY_UISupportedInterfaceOrientations_iPad = "UIInterfaceOrientationPortrait UIInterfaceOrientationPortraitUpsideDown UIInterfaceOrientationLandscapeLeft UIInterfaceOrientationLandscapeRight";
				INFOPLIST_KEY_UISupportedInterfaceOrientations_iPhone = "UIInterfaceOrientationPortrait UIInterfaceOrientationLandscapeLeft UIInterfaceOrientationLandscapeRight";
				LD_RUNPATH_SEARCH_PATHS = (
					"$(inherited)",
					"@executable_path/Frameworks",
				);
				MARKETING_VERSION = 1.0;
				MTL_ENABLE_DEBUG_INFO = YES;
				PRODUCT_BUNDLE_IDENTIFIER = Fakiya.Hike;
				PRODUCT_NAME = "$(TARGET_NAME)";
				SWIFT_EMIT_LOC_STRINGS = YES;
				SWIFT_VERSION = 5.0;
				TARGETED_DEVICE_FAMILY = "1,2";
			};
			name = Release;
		};
/* End XCBuildConfiguration section */

/* Begin XCConfigurationList section */
		E0960F0F2C06786B00AB487B /* Build configuration list for PBXProject "Hike" */ = {
			isa = XCConfigurationList;
			buildConfigurations = (
				E0960F202C06786D00AB487B /* Debug */,
				E0960F212C06786D00AB487B /* Release */,
			);
			defaultConfigurationIsVisible = 0;
			defaultConfigurationName = Release;
		};
		E0960F222C06786D00AB487B /* Build configuration list for PBXNativeTarget "Hike" */ = {
			isa = XCConfigurationList;
			buildConfigurations = (
				E0960F232C06786D00AB487B /* Debug */,
				E0960F242C06786D00AB487B /* Release */,
			);
			defaultConfigurationIsVisible = 0;
			defaultConfigurationName = Release;
		};
/* End XCConfigurationList section */
	};
	rootObject = E0960F0C2C06786B00AB487B /* Project object */;
}
